
Microsoft Visual Studio Solution File, Format Version 12.00
# Visual Studio Version 17
VisualStudioVersion = 17.10.35013.160
MinimumVisualStudioVersion = 10.0.40219.1
Project("{FAE04EC0-301F-11D3-BF4B-00C04F79EFBC}") = "FIT5032_MyCodeSnippet", "FIT5032_MyCodeSnippet\FIT5032_MyCodeSnippet.csproj", "{CAECAAD1-314B-4DC4-B99E-E0B695129899}"
EndProject
Project("{FAE04EC0-301F-11D3-BF4B-00C04F79EFBC}") = "FIT5032_MyCodeSnippet.Tests", "FIT5032_MyCodeSnippet.Tests\FIT5032_MyCodeSnippet.Tests.csproj", "{70A1D9E1-6B20-41C8-8AB5-6B941471A657}"
EndProject
Global
	GlobalSection(SolutionConfigurationPlatforms) = preSolution
		Debug|Any CPU = Debug|Any CPU
		Release|Any CPU = Release|Any CPU
	EndGlobalSection
	GlobalSection(ProjectConfigurationPlatforms) = postSolution
		{CAECAAD1-314B-4DC4-B99E-E0B695129899}.Debug|Any CPU.ActiveCfg = Debug|Any CPU
		{CAECAAD1-314B-4DC4-B99E-E0B695129899}.Debug|Any CPU.Build.0 = Debug|Any CPU
		{CAECAAD1-314B-4DC4-B99E-E0B695129899}.Release|Any CPU.ActiveCfg = Release|Any CPU
		{CAECAAD1-314B-4DC4-B99E-E0B695129899}.Release|Any CPU.Build.0 = Release|Any CPU
		{70A1D9E1-6B20-41C8-8AB5-6B941471A657}.Debug|Any CPU.ActiveCfg = Debug|Any CPU
		{70A1D9E1-6B20-41C8-8AB5-6B941471A657}.Debug|Any CPU.Build.0 = Debug|Any CPU
		{70A1D9E1-6B20-41C8-8AB5-6B941471A657}.Release|Any CPU.ActiveCfg = Release|Any CPU
		{70A1D9E1-6B20-41C8-8AB5-6B941471A657}.Release|Any CPU.Build.0 = Release|Any CPU
	EndGlobalSection
	GlobalSection(SolutionProperties) = preSolution
		HideSolutionNode = FALSE
	EndGlobalSection
	GlobalSection(ExtensibilityGlobals) = postSolution
		SolutionGuid = {C25C860D-9B96-4538-8904-20C96B974178}
	EndGlobalSection
EndGlobal
